
Microsoft Visual Studio Solution File, Format Version 12.00
# Visual Studio 15
VisualStudioVersion = 15.0.28010.2026
MinimumVisualStudioVersion = 10.0.40219.1
Project("{8BC9CEB8-8B4A-11D0-8D11-00A0C91BC942}") = "lab2_lvl1", "lab2_lvl1\lab2_lvl1.vcxproj", "{D739891F-5368-44F6-B661-F726D05B02FB}"
EndProject
Global
	GlobalSection(SolutionConfigurationPlatforms) = preSolution
		Debug|x64 = Debug|x64
		Debug|x86 = Debug|x86
		Release|x64 = Release|x64
		Release|x86 = Release|x86
	EndGlobalSection
	GlobalSection(ProjectConfigurationPlatforms) = postSolution
		{D739891F-5368-44F6-B661-F726D05B02FB}.Debug|x64.ActiveCfg = Debug|x64
		{D739891F-5368-44F6-B661-F726D05B02FB}.Debug|x64.Build.0 = Debug|x64
		{D739891F-5368-44F6-B661-F726D05B02FB}.Debug|x86.ActiveCfg = Debug|Win32
		{D739891F-5368-44F6-B661-F726D05B02FB}.Debug|x86.Build.0 = Debug|Win32
		{D739891F-5368-44F6-B661-F726D05B02FB}.Release|x64.ActiveCfg = Release|x64
		{D739891F-5368-44F6-B661-F726D05B02FB}.Release|x64.Build.0 = Release|x64
		{D739891F-5368-44F6-B661-F726D05B02FB}.Release|x86.ActiveCfg = Release|Win32
		{D739891F-5368-44F6-B661-F726D05B02FB}.Release|x86.Build.0 = Release|Win32
	EndGlobalSection
	GlobalSection(SolutionProperties) = preSolution
		HideSolutionNode = FALSE
	EndGlobalSection
	GlobalSection(ExtensibilityGlobals) = postSolution
		SolutionGuid = {64B99C4E-0B9C-438A-95A6-1A2753634254}
	EndGlobalSection
EndGlobal
