
Microsoft Visual Studio Solution File, Format Version 12.00
# Visual Studio 15
VisualStudioVersion = 15.0.28010.2026
MinimumVisualStudioVersion = 10.0.40219.1
Project("{8BC9CEB8-8B4A-11D0-8D11-00A0C91BC942}") = "lab1_lvl0_3", "lab1_lvl0_3\lab1_lvl0_3.vcxproj", "{354A0F81-66CB-404F-988E-78E92FF74461}"
EndProject
Global
	GlobalSection(SolutionConfigurationPlatforms) = preSolution
		Debug|x64 = Debug|x64
		Debug|x86 = Debug|x86
		Release|x64 = Release|x64
		Release|x86 = Release|x86
	EndGlobalSection
	GlobalSection(ProjectConfigurationPlatforms) = postSolution
		{354A0F81-66CB-404F-988E-78E92FF74461}.Debug|x64.ActiveCfg = Debug|x64
		{354A0F81-66CB-404F-988E-78E92FF74461}.Debug|x64.Build.0 = Debug|x64
		{354A0F81-66CB-404F-988E-78E92FF74461}.Debug|x86.ActiveCfg = Debug|Win32
		{354A0F81-66CB-404F-988E-78E92FF74461}.Debug|x86.Build.0 = Debug|Win32
		{354A0F81-66CB-404F-988E-78E92FF74461}.Release|x64.ActiveCfg = Release|x64
		{354A0F81-66CB-404F-988E-78E92FF74461}.Release|x64.Build.0 = Release|x64
		{354A0F81-66CB-404F-988E-78E92FF74461}.Release|x86.ActiveCfg = Release|Win32
		{354A0F81-66CB-404F-988E-78E92FF74461}.Release|x86.Build.0 = Release|Win32
	EndGlobalSection
	GlobalSection(SolutionProperties) = preSolution
		HideSolutionNode = FALSE
	EndGlobalSection
	GlobalSection(ExtensibilityGlobals) = postSolution
		SolutionGuid = {C520C4E3-719B-4DBC-9DDF-70C000A3ED2D}
	EndGlobalSection
EndGlobal
